
Microsoft Visual Studio Solution File, Format Version 12.00
# Visual Studio Version 16
VisualStudioVersion = 16.0.29911.84
MinimumVisualStudioVersion = 10.0.40219.1
Project("{FAE04EC0-301F-11D3-BF4B-00C04F79EFBC}") = "GitToNugetPackageTest", "GitToNugetPackageTest\GitToNugetPackageTest.csproj", "{24D5042B-C4CC-470A-930C-1CE8D95343D9}"
EndProject
Global
	GlobalSection(SolutionConfigurationPlatforms) = preSolution
		Debug|Any CPU = Debug|Any CPU
		Release|Any CPU = Release|Any CPU
	EndGlobalSection
	GlobalSection(ProjectConfigurationPlatforms) = postSolution
		{24D5042B-C4CC-470A-930C-1CE8D95343D9}.Debug|Any CPU.ActiveCfg = Debug|Any CPU
		{24D5042B-C4CC-470A-930C-1CE8D95343D9}.Debug|Any CPU.Build.0 = Debug|Any CPU
		{24D5042B-C4CC-470A-930C-1CE8D95343D9}.Release|Any CPU.ActiveCfg = Release|Any CPU
		{24D5042B-C4CC-470A-930C-1CE8D95343D9}.Release|Any CPU.Build.0 = Release|Any CPU
	EndGlobalSection
	GlobalSection(SolutionProperties) = preSolution
		HideSolutionNode = FALSE
	EndGlobalSection
	GlobalSection(ExtensibilityGlobals) = postSolution
		SolutionGuid = {DD922B10-6AA2-40C0-9D31-228212E544B8}
	EndGlobalSection
EndGlobal
